
Microsoft Visual Studio Solution File, Format Version 12.00
# Visual Studio 14
VisualStudioVersion = 14.0.23107.0
MinimumVisualStudioVersion = 10.0.40219.1
Project("{2150E333-8FDC-42A3-9474-1A3956D46DE8}") = "src", "src", "{7EAEAB2E-6A42-4051-989D-9322CB9799E4}"
EndProject
Project("{2150E333-8FDC-42A3-9474-1A3956D46DE8}") = "Solution Items", "Solution Items", "{F05C3C4B-6277-4644-87C7-F802DEA25F66}"
	ProjectSection(SolutionItems) = preProject
		global.json = global.json
	EndProjectSection
EndProject
Project("{8BB2217D-0F2D-49D1-97BC-3654ED321F3B}") = "CouchDB-Identity", "src\CouchDB-Identity\CouchDB-Identity.xproj", "{3685FBC7-BAFE-492B-9C58-1A3501389A42}"
EndProject
Project("{FAE04EC0-301F-11D3-BF4B-00C04F79EFBC}") = "CouchDB-IdentityProvider", "CouchDB-IdentityProvider\CouchDB-IdentityProvider.csproj", "{6C605733-DF08-4289-9F12-40B8B3C3B102}"
EndProject
Global
	GlobalSection(SolutionConfigurationPlatforms) = preSolution
		Debug|Any CPU = Debug|Any CPU
		Release|Any CPU = Release|Any CPU
	EndGlobalSection
	GlobalSection(ProjectConfigurationPlatforms) = postSolution
		{3685FBC7-BAFE-492B-9C58-1A3501389A42}.Debug|Any CPU.ActiveCfg = Debug|Any CPU
		{3685FBC7-BAFE-492B-9C58-1A3501389A42}.Debug|Any CPU.Build.0 = Debug|Any CPU
		{3685FBC7-BAFE-492B-9C58-1A3501389A42}.Release|Any CPU.ActiveCfg = Release|Any CPU
		{3685FBC7-BAFE-492B-9C58-1A3501389A42}.Release|Any CPU.Build.0 = Release|Any CPU
		{6C605733-DF08-4289-9F12-40B8B3C3B102}.Debug|Any CPU.ActiveCfg = Debug|Any CPU
		{6C605733-DF08-4289-9F12-40B8B3C3B102}.Debug|Any CPU.Build.0 = Debug|Any CPU
		{6C605733-DF08-4289-9F12-40B8B3C3B102}.Release|Any CPU.ActiveCfg = Release|Any CPU
		{6C605733-DF08-4289-9F12-40B8B3C3B102}.Release|Any CPU.Build.0 = Release|Any CPU
	EndGlobalSection
	GlobalSection(SolutionProperties) = preSolution
		HideSolutionNode = FALSE
	EndGlobalSection
	GlobalSection(NestedProjects) = preSolution
		{3685FBC7-BAFE-492B-9C58-1A3501389A42} = {7EAEAB2E-6A42-4051-989D-9322CB9799E4}
	EndGlobalSection
EndGlobal
